{
  "name": "terminal-101",
  "version": "1.0.0",
  "lockfileVersion": 1,
  "requires": true,
  "dependencies": {
    "ansi-rainbow": {
      "version": "1.0.1",
      "resolved": "https://registry.npmjs.org/ansi-rainbow/-/ansi-rainbow-1.0.1.tgz",
      "integrity": "sha1-YwVm2+IxgJbcsxeFW1RcjEJbnIs=",
      "requires": {
        "ansi-styles": "2.1.0"
      }
    },
    "ansi-styles": {
      "version": "2.1.0",
      "resolved": "https://registry.npmjs.org/ansi-styles/-/ansi-styles-2.1.0.tgz",
      "integrity": "sha1-mQ90cUaSe1Wakyv5KVkWPWDA0OI="
    }
  }
}
